# THIS IS AN AUTOGENERATED FILE. DO NOT EDIT THIS FILE DIRECTLY.
# yarn lockfile v1


"@types/node@^17.0.24":
  version "17.0.24"
  resolved "https://registry.yarnpkg.com/@types/node/-/node-17.0.24.tgz#20ba1bf69c1b4ab405c7a01e950c4f446b05029f"
  integrity sha512-aveCYRQbgTH9Pssp1voEP7HiuWlD2jW2BO56w+bVrJn04i61yh6mRfoKO6hEYQD9vF+W8Chkwc6j1M36uPkx4g==

"@types/pascalcase@^1.0.1":
  version "1.0.1"
  resolved "https://registry.yarnpkg.com/@types/pascalcase/-/pascalcase-1.0.1.tgz#2466c1e23713c1681320e49449643e3f16c84f33"
  integrity sha512-JYPox1hbKw66Sv9HtvTp0r5jJkaz6k+V8XjEnZUb7B+4ffIoS+3sjiAtwkX6IMO68UQtQWe9QcAjugn9VR4GJg==

"@types/which@^2.0.1":
  version "2.0.1"
  resolved "https://registry.yarnpkg.com/@types/which/-/which-2.0.1.tgz#27ecd67f915b7c3d6ba552135bb1eecd66e63501"
  integrity sha512-Jjakcv8Roqtio6w1gr0D7y6twbhx6gGgFGF5BLwajPpnOIOxFkakFhCq+LmyyeAz7BX6ULrjBOxdKaCDy+4+dQ==

camelcase@^6.2.1:
  version "6.3.0"
  resolved "https://registry.yarnpkg.com/camelcase/-/camelcase-6.3.0.tgz#5685b95eb209ac9c0c177467778c9c84df58ba9a"
  integrity sha512-Gmy6FhYlCY7uOElZUSbxo2UCDH8owEk996gkbrpsgGtrJLM3J7jGxl9Ic7Qwwj4ivOE5AWZWRMecDdF7hqGjFA==

chalk@^5.0.1:
  version "5.0.1"
  resolved "https://registry.yarnpkg.com/chalk/-/chalk-5.0.1.tgz#ca57d71e82bb534a296df63bbacc4a1c22b2a4b6"
  integrity sha512-Fo07WOYGqMfCWHOzSXOt2CxDbC6skS/jO9ynEcmpANMoPrD+W1r1K6Vx7iNm+AQmETU1Xr2t+n8nzkV9t6xh3w==

cli-handler@^0.0.5:
  version "0.0.5"
  resolved "https://registry.yarnpkg.com/cli-handler/-/cli-handler-0.0.5.tgz#c87bceb3f807f24fb36b6cbb48a0c09ed513c798"
  integrity sha512-ahzPlZ/tMDeA4flOLd81qx2qA5Rls3ZX23Anf7jsEeMrx6L0VWX40DWVdFmZodMp6v3g4jif36My3lmI7O/9Vw==

isexe@^2.0.0:
  version "2.0.0"
  resolved "https://registry.yarnpkg.com/isexe/-/isexe-2.0.0.tgz#e8fbf374dc556ff8947a10dcb0572d633f2cfa10"
  integrity sha1-6PvzdNxVb/iUehDcsFctYz8s+hA=

pascalcase@^2.0.0:
  version "2.0.0"
  resolved "https://registry.yarnpkg.com/pascalcase/-/pascalcase-2.0.0.tgz#13515fcbfa76eddff9282827f59f7868e3cc9250"
  integrity sha512-DHpENy5Qm/FaX+x3iBLoMLG/XHNCTgL+yErm1TwuVaj6u4fiOSkYkf60vGtITk7hrKHOO4uCl9vRrD4hqjNKjg==
  dependencies:
    camelcase "^6.2.1"

which@^2.0.2:
  version "2.0.2"
  resolved "https://registry.yarnpkg.com/which/-/which-2.0.2.tgz#7c6a8dd0a636a0327e10b59c9286eee93f3f51b1"
  integrity sha512-BLI3Tl1TW3Pvl70l3yq3Y64i+awpwXqsGBYWkkqMtnbXgrMD+yj7rhW0kuEDxzJaYXGjEW5ogapKNMEKNMjibA==
  dependencies:
    isexe "^2.0.0"
